<Solution>
  <Project Path="QuantityMeasurementAPI/QuantityMeasurementAPI.csproj" />
  <Project Path="QuantityMeasurementApp.Tests/QuantityMeasurementApp.Tests.csproj" />
  <Project Path="QuantityMeasurementAppBusinessLayer/QuantityMeasurementAppBusinessLayer.csproj" />
  <Project Path="QuantityMeasurementAppModelLayer/QuantityMeasurementAppModelLayer.csproj" />
  <Project Path="QuantityMeasurementAppRepoLayer/QuantityMeasurementAppRepoLayer.csproj" />
</Solution>
